
Microsoft Visual Studio Solution File, Format Version 12.00
# Visual Studio Version 17
VisualStudioVersion = 17.4.33213.308
MinimumVisualStudioVersion = 10.0.40219.1
Project("{9A19103F-16F7-4668-BE54-9A1E7A4F7556}") = "KnitterNotebook", "KnitterNotebook\KnitterNotebook.csproj", "{290EE488-1595-4E4A-BC01-43BA7829B802}"
EndProject
Project("{9A19103F-16F7-4668-BE54-9A1E7A4F7556}") = "KnitterNotebookUnitTests", "KnitterNotebookTests\KnitterNotebookUnitTests.csproj", "{36518E3F-FBB2-4966-9AB7-0E05652C592E}"
EndProject
Global
	GlobalSection(SolutionConfigurationPlatforms) = preSolution
		Debug|Any CPU = Debug|Any CPU
		Release|Any CPU = Release|Any CPU
	EndGlobalSection
	GlobalSection(ProjectConfigurationPlatforms) = postSolution
		{290EE488-1595-4E4A-BC01-43BA7829B802}.Debug|Any CPU.ActiveCfg = Debug|Any CPU
		{290EE488-1595-4E4A-BC01-43BA7829B802}.Debug|Any CPU.Build.0 = Debug|Any CPU
		{290EE488-1595-4E4A-BC01-43BA7829B802}.Release|Any CPU.ActiveCfg = Release|Any CPU
		{290EE488-1595-4E4A-BC01-43BA7829B802}.Release|Any CPU.Build.0 = Release|Any CPU
		{36518E3F-FBB2-4966-9AB7-0E05652C592E}.Debug|Any CPU.ActiveCfg = Debug|Any CPU
		{36518E3F-FBB2-4966-9AB7-0E05652C592E}.Debug|Any CPU.Build.0 = Debug|Any CPU
		{36518E3F-FBB2-4966-9AB7-0E05652C592E}.Release|Any CPU.ActiveCfg = Release|Any CPU
		{36518E3F-FBB2-4966-9AB7-0E05652C592E}.Release|Any CPU.Build.0 = Release|Any CPU
	EndGlobalSection
	GlobalSection(SolutionProperties) = preSolution
		HideSolutionNode = FALSE
	EndGlobalSection
	GlobalSection(ExtensibilityGlobals) = postSolution
		SolutionGuid = {05602CBD-68E2-462F-BAE3-B994CBC408BC}
	EndGlobalSection
EndGlobal
